// !$*UTF8*$!
{
	archiveVersion = 1;
	classes = {
	};
	objectVersion = 48;
	objects = {

/* Begin PBXBuildFile section */
		4D83016E1F9A95E300C5C735 /* AppDelegate.swift in Sources */ = {isa = PBXBuildFile; fileRef = 4D83016D1F9A95E300C5C735 /* AppDelegate.swift */; };
		4D8301701F9A95E300C5C735 /* ViewController.swift in Sources */ = {isa = PBXBuildFile; fileRef = 4D83016F1F9A95E300C5C735 /* ViewController.swift */; };
		4D8301731F9A95E300C5C735 /* Main.storyboard in Resources */ = {isa = PBXBuildFile; fileRef = 4D8301711F9A95E300C5C735 /* Main.storyboard */; };
		4D8301751F9A95E300C5C735 /* Assets.xcassets in Resources */ = {isa = PBXBuildFile; fileRef = 4D8301741F9A95E300C5C735 /* Assets.xcassets */; };
		4D8301781F9A95E300C5C735 /* LaunchScreen.storyboard in Resources */ = {isa = PBXBuildFile; fileRef = 4D8301761F9A95E300C5C735 /* LaunchScreen.storyboard */; };
		4D8301831F9A95E300C5C735 /* ColorsTests.swift in Sources */ = {isa = PBXBuildFile; fileRef = 4D8301821F9A95E300C5C735 /* ColorsTests.swift */; };
		4D83018E1F9A95E300C5C735 /* ColorsUITests.swift in Sources */ = {isa = PBXBuildFile; fileRef = 4D83018D1F9A95E300C5C735 /* ColorsUITests.swift */; };
/* End PBXBuildFile section */

/* Begin PBXContainerItemProxy section */
		4D83017F1F9A95E300C5C735 /* PBXContainerItemProxy */ = {
			isa = PBXContainerItemProxy;
			containerPortal = 4D8301621F9A95E300C5C735 /* Project object */;
			proxyType = 1;
			remoteGlobalIDString = 4D8301691F9A95E300C5C735;
			remoteInfo = Colors;
		};
		4D83018A1F9A95E300C5C735 /* PBXContainerItemProxy */ = {
			isa = PBXContainerItemProxy;
			containerPortal = 4D8301621F9A95E300C5C735 /* Project object */;
			proxyType = 1;
			remoteGlobalIDString = 4D8301691F9A95E300C5C735;
			remoteInfo = Colors;
		};
/* End PBXContainerItemProxy section */

/* Begin PBXFileReference section */
		4D83016A1F9A95E300C5C735 /* Colors.app */ = {isa = PBXFileReference; explicitFileType = wrapper.application; includeInIndex = 0; path = Colors.app; sourceTree = BUILT_PRODUCTS_DIR; };
		4D83016D1F9A95E300C5C735 /* AppDelegate.swift */ = {isa = PBXFileReference; lastKnownFileType = sourcecode.swift; path = AppDelegate.swift; sourceTree = "<group>"; };
		4D83016F1F9A95E300C5C735 /* ViewController.swift */ = {isa = PBXFileReference; lastKnownFileType = sourcecode.swift; path = ViewController.swift; sourceTree = "<group>"; };
		4D8301721F9A95E300C5C735 /* Base */ = {isa = PBXFileReference; lastKnownFileType = file.storyboard; name = Base; path = Base.lproj/Main.storyboard; sourceTree = "<group>"; };
		4D8301741F9A95E300C5C735 /* Assets.xcassets */ = {isa = PBXFileReference; lastKnownFileType = folder.assetcatalog; path = Assets.xcassets; sourceTree = "<group>"; };
		4D8301771F9A95E300C5C735 /* Base */ = {isa = PBXFileReference; lastKnownFileType = file.storyboard; name = Base; path = Base.lproj/LaunchScreen.storyboard; sourceTree = "<group>"; };
		4D8301791F9A95E300C5C735 /* Info.plist */ = {isa = PBXFileReference; lastKnownFileType = text.plist.xml; path = Info.plist; sourceTree = "<group>"; };
		4D83017E1F9A95E300C5C735 /* ColorsTests.xctest */ = {isa = PBXFileReference; explicitFileType = wrapper.cfbundle; includeInIndex = 0; path = ColorsTests.xctest; sourceTree = BUILT_PRODUCTS_DIR; };
		4D8301821F9A95E300C5C735 /* ColorsTests.swift */ = {isa = PBXFileReference; lastKnownFileType = sourcecode.swift; path = ColorsTests.swift; sourceTree = "<group>"; };
		4D8301841F9A95E300C5C735 /* Info.plist */ = {isa = PBXFileReference; lastKnownFileType = text.plist.xml; path = Info.plist; sourceTree = "<group>"; };
		4D8301891F9A95E300C5C735 /* ColorsUITests.xctest */ = {isa = PBXFileReference; explicitFileType = wrapper.cfbundle; includeInIndex = 0; path = ColorsUITests.xctest; sourceTree = BUILT_PRODUCTS_DIR; };
		4D83018D1F9A95E300C5C735 /* ColorsUITests.swift */ = {isa = PBXFileReference; lastKnownFileType = sourcecode.swift; path = ColorsUITests.swift; sourceTree = "<group>"; };
		4D83018F1F9A95E300C5C735 /* Info.plist */ = {isa = PBXFileReference; lastKnownFileType = text.plist.xml; path = Info.plist; sourceTree = "<group>"; };
/* End PBXFileReference section */

/* Begin PBXFrameworksBuildPhase section */
		4D8301671F9A95E300C5C735 /* Frameworks */ = {
			isa = PBXFrameworksBuildPhase;
			buildActionMask = 2147483647;
			files = (
			);
			runOnlyForDeploymentPostprocessing = 0;
		};
		4D83017B1F9A95E300C5C735 /* Frameworks */ = {
			isa = PBXFrameworksBuildPhase;
			buildActionMask = 2147483647;
			files = (
			);
			runOnlyForDeploymentPostprocessing = 0;
		};
		4D8301861F9A95E300C5C735 /* Frameworks */ = {
			isa = PBXFrameworksBuildPhase;
			buildActionMask = 2147483647;
			files = (
			);
			runOnlyForDeploymentPostprocessing = 0;
		};
/* End PBXFrameworksBuildPhase section */

/* Begin PBXGroup section */
		4D8301611F9A95E300C5C735 = {
			isa = PBXGroup;
			children = (
				4D83016C1F9A95E300C5C735 /* Colors */,
				4D8301811F9A95E300C5C735 /* ColorsTests */,
				4D83018C1F9A95E300C5C735 /* ColorsUITests */,
				4D83016B1F9A95E300C5C735 /* Products */,
			);
			sourceTree = "<group>";
		};
		4D83016B1F9A95E300C5C735 /* Products */ = {
			isa = PBXGroup;
			children = (
				4D83016A1F9A95E300C5C735 /* Colors.app */,
				4D83017E1F9A95E300C5C735 /* ColorsTests.xctest */,
				4D8301891F9A95E300C5C735 /* ColorsUITests.xctest */,
			);
			name = Products;
			sourceTree = "<group>";
		};
		4D83016C1F9A95E300C5C735 /* Colors */ = {
			isa = PBXGroup;
			children = (
				4D83016D1F9A95E300C5C735 /* AppDelegate.swift */,
				4D83016F1F9A95E300C5C735 /* ViewController.swift */,
				4D8301711F9A95E300C5C735 /* Main.storyboard */,
				4D8301741F9A95E300C5C735 /* Assets.xcassets */,
				4D8301761F9A95E300C5C735 /* LaunchScreen.storyboard */,
				4D8301791F9A95E300C5C735 /* Info.plist */,
			);
			path = Colors;
			sourceTree = "<group>";
		};
		4D8301811F9A95E300C5C735 /* ColorsTests */ = {
			isa = PBXGroup;
			children = (
				4D8301821F9A95E300C5C735 /* ColorsTests.swift */,
				4D8301841F9A95E300C5C735 /* Info.plist */,
			);
			path = ColorsTests;
			sourceTree = "<group>";
		};
		4D83018C1F9A95E300C5C735 /* ColorsUITests */ = {
			isa = PBXGroup;
			children = (
				4D83018D1F9A95E300C5C735 /* ColorsUITests.swift */,
				4D83018F1F9A95E300C5C735 /* Info.plist */,
			);
			path = ColorsUITests;
			sourceTree = "<group>";
		};
/* End PBXGroup section */

/* Begin PBXNativeTarget section */
		4D8301691F9A95E300C5C735 /* Colors */ = {
			isa = PBXNativeTarget;
			buildConfigurationList = 4D8301921F9A95E300C5C735 /* Build configuration list for PBXNativeTarget "Colors" */;
			buildPhases = (
				4D8301661F9A95E300C5C735 /* Sources */,
				4D8301671F9A95E300C5C735 /* Frameworks */,
				4D8301681F9A95E300C5C735 /* Resources */,
			);
			buildRules = (
			);
			dependencies = (
			);
			name = Colors;
			productName = Colors;
			productReference = 4D83016A1F9A95E300C5C735 /* Colors.app */;
			productType = "com.apple.product-type.application";
		};
		4D83017D1F9A95E300C5C735 /* ColorsTests */ = {
			isa = PBXNativeTarget;
			buildConfigurationList = 4D8301951F9A95E300C5C735 /* Build configuration list for PBXNativeTarget "ColorsTests" */;
			buildPhases = (
				4D83017A1F9A95E300C5C735 /* Sources */,
				4D83017B1F9A95E300C5C735 /* Frameworks */,
				4D83017C1F9A95E300C5C735 /* Resources */,
			);
			buildRules = (
			);
			dependencies = (
				4D8301801F9A95E300C5C735 /* PBXTargetDependency */,
			);
			name = ColorsTests;
			productName = ColorsTests;
			productReference = 4D83017E1F9A95E300C5C735 /* ColorsTests.xctest */;
			productType = "com.apple.product-type.bundle.unit-test";
		};
		4D8301881F9A95E300C5C735 /* ColorsUITests */ = {
			isa = PBXNativeTarget;
			buildConfigurationList = 4D8301981F9A95E300C5C735 /* Build configuration list for PBXNativeTarget "ColorsUITests" */;
			buildPhases = (
				4D8301851F9A95E300C5C735 /* Sources */,
				4D8301861F9A95E300C5C735 /* Frameworks */,
				4D8301871F9A95E300C5C735 /* Resources */,
			);
			buildRules = (
			);
			dependencies = (
				4D83018B1F9A95E300C5C735 /* PBXTargetDependency */,
			);
			name = ColorsUITests;
			productName = ColorsUITests;
			productReference = 4D8301891F9A95E300C5C735 /* ColorsUITests.xctest */;
			productType = "com.apple.product-type.bundle.ui-testing";
		};
/* End PBXNativeTarget section */

/* Begin PBXProject section */
		4D8301621F9A95E300C5C735 /* Project object */ = {
			isa = PBXProject;
			attributes = {
				LastSwiftUpdateCheck = 0900;
				LastUpgradeCheck = 0900;
				ORGANIZATIONNAME = "Lydia Krasucki";
				TargetAttributes = {
					4D8301691F9A95E300C5C735 = {
						CreatedOnToolsVersion = 9.0;
						ProvisioningStyle = Automatic;
					};
					4D83017D1F9A95E300C5C735 = {
						CreatedOnToolsVersion = 9.0;
						ProvisioningStyle = Automatic;
						TestTargetID = 4D8301691F9A95E300C5C735;
					};
					4D8301881F9A95E300C5C735 = {
						CreatedOnToolsVersion = 9.0;
						ProvisioningStyle = Automatic;
						TestTargetID = 4D8301691F9A95E300C5C735;
					};
				};
			};
			buildConfigurationList = 4D8301651F9A95E300C5C735 /* Build configuration list for PBXProject "Colors" */;
			compatibilityVersion = "Xcode 8.0";
			developmentRegion = en;
			hasScannedForEncodings = 0;
			knownRegions = (
				en,
				Base,
			);
			mainGroup = 4D8301611F9A95E300C5C735;
			productRefGroup = 4D83016B1F9A95E300C5C735 /* Products */;
			projectDirPath = "";
			projectRoot = "";
			targets = (
				4D8301691F9A95E300C5C735 /* Colors */,
				4D83017D1F9A95E300C5C735 /* ColorsTests */,
				4D8301881F9A95E300C5C735 /* ColorsUITests */,
			);
		};
/* End PBXProject section */

/* Begin PBXResourcesBuildPhase section */
		4D8301681F9A95E300C5C735 /* Resources */ = {
			isa = PBXResourcesBuildPhase;
			buildActionMask = 2147483647;
			files = (
				4D8301781F9A95E300C5C735 /* LaunchScreen.storyboard in Resources */,
				4D8301751F9A95E300C5C735 /* Assets.xcassets in Resources */,
				4D8301731F9A95E300C5C735 /* Main.storyboard in Resources */,
			);
			runOnlyForDeploymentPostprocessing = 0;
		};
		4D83017C1F9A95E300C5C735 /* Resources */ = {
			isa = PBXResourcesBuildPhase;
			buildActionMask = 2147483647;
			files = (
			);
			runOnlyForDeploymentPostprocessing = 0;
		};
		4D8301871F9A95E300C5C735 /* Resources */ = {
			isa = PBXResourcesBuildPhase;
			buildActionMask = 2147483647;
			files = (
			);
			runOnlyForDeploymentPostprocessing = 0;
		};
/* End PBXResourcesBuildPhase section */

/* Begin PBXSourcesBuildPhase section */
		4D8301661F9A95E300C5C735 /* Sources */ = {
			isa = PBXSourcesBuildPhase;
			buildActionMask = 2147483647;
			files = (
				4D8301701F9A95E300C5C735 /* ViewController.swift in Sources */,
				4D83016E1F9A95E300C5C735 /* AppDelegate.swift in Sources */,
			);
			runOnlyForDeploymentPostprocessing = 0;
		};
		4D83017A1F9A95E300C5C735 /* Sources */ = {
			isa = PBXSourcesBuildPhase;
			buildActionMask = 2147483647;
			files = (
				4D8301831F9A95E300C5C735 /* ColorsTests.swift in Sources */,
			);
			runOnlyForDeploymentPostprocessing = 0;
		};
		4D8301851F9A95E300C5C735 /* Sources */ = {
			isa = PBXSourcesBuildPhase;
			buildActionMask = 2147483647;
			files = (
				4D83018E1F9A95E300C5C735 /* ColorsUITests.swift in Sources */,
			);
			runOnlyForDeploymentPostprocessing = 0;
		};
/* End PBXSourcesBuildPhase section */

/* Begin PBXTargetDependency section */
		4D8301801F9A95E300C5C735 /* PBXTargetDependency */ = {
			isa = PBXTargetDependency;
			target = 4D8301691F9A95E300C5C735 /* Colors */;
			targetProxy = 4D83017F1F9A95E300C5C735 /* PBXContainerItemProxy */;
		};
		4D83018B1F9A95E300C5C735 /* PBXTargetDependency */ = {
			isa = PBXTargetDependency;
			target = 4D8301691F9A95E300C5C735 /* Colors */;
			targetProxy = 4D83018A1F9A95E300C5C735 /* PBXContainerItemProxy */;
		};
/* End PBXTargetDependency section */

/* Begin PBXVariantGroup section */
		4D8301711F9A95E300C5C735 /* Main.storyboard */ = {
			isa = PBXVariantGroup;
			children = (
				4D8301721F9A95E300C5C735 /* Base */,
			);
			name = Main.storyboard;
			sourceTree = "<group>";
		};
		4D8301761F9A95E300C5C735 /* LaunchScreen.storyboard */ = {
			isa = PBXVariantGroup;
			children = (
				4D8301771F9A95E300C5C735 /* Base */,
			);
			name = LaunchScreen.storyboard;
			sourceTree = "<group>";
		};
/* End PBXVariantGroup section */

/* Begin XCBuildConfiguration section */
		4D8301901F9A95E300C5C735 /* Debug */ = {
			isa = XCBuildConfiguration;
			buildSettings = {
				ALWAYS_SEARCH_USER_PATHS = NO;
				CLANG_ANALYZER_NONNULL = YES;
				CLANG_ANALYZER_NUMBER_OBJECT_CONVERSION = YES_AGGRESSIVE;
				CLANG_CXX_LANGUAGE_STANDARD = "gnu++14";
				CLANG_CXX_LIBRARY = "libc++";
				CLANG_ENABLE_MODULES = YES;
				CLANG_ENABLE_OBJC_ARC = YES;
				CLANG_WARN_BLOCK_CAPTURE_AUTORELEASING = YES;
				CLANG_WARN_BOOL_CONVERSION = YES;
				CLANG_WARN_COMMA = YES;
				CLANG_WARN_CONSTANT_CONVERSION = YES;
				CLANG_WARN_DIRECT_OBJC_ISA_USAGE = YES_ERROR;
				CLANG_WARN_DOCUMENTATION_COMMENTS = YES;
				CLANG_WARN_EMPTY_BODY = YES;
				CLANG_WARN_ENUM_CONVERSION = YES;
				CLANG_WARN_INFINITE_RECURSION = YES;
				CLANG_WARN_INT_CONVERSION = YES;
				CLANG_WARN_NON_LITERAL_NULL_CONVERSION = YES;
				CLANG_WARN_OBJC_LITERAL_CONVERSION = YES;
				CLANG_WARN_OBJC_ROOT_CLASS = YES_ERROR;
				CLANG_WARN_RANGE_LOOP_ANALYSIS = YES;
				CLANG_WARN_STRICT_PROTOTYPES = YES;
				CLANG_WARN_SUSPICIOUS_MOVE = YES;
				CLANG_WARN_UNGUARDED_AVAILABILITY = YES_AGGRESSIVE;
				CLANG_WARN_UNREACHABLE_CODE = YES;
				CLANG_WARN__DUPLICATE_METHOD_MATCH = YES;
				CODE_SIGN_IDENTITY = "iPhone Developer";
				COPY_PHASE_STRIP = NO;
				DEBUG_INFORMATION_FORMAT = dwarf;
				ENABLE_STRICT_OBJC_MSGSEND = YES;
				ENABLE_TESTABILITY = YES;
				GCC_C_LANGUAGE_STANDARD = gnu11;
				GCC_DYNAMIC_NO_PIC = NO;
				GCC_NO_COMMON_BLOCKS = YES;
				GCC_OPTIMIZATION_LEVEL = 0;
				GCC_PREPROCESSOR_DEFINITIONS = (
					"DEBUG=1",
					"$(inherited)",
				);
				GCC_WARN_64_TO_32_BIT_CONVERSION = YES;
				GCC_WARN_ABOUT_RETURN_TYPE = YES_ERROR;
				GCC_WARN_UNDECLARED_SELECTOR = YES;
				GCC_WARN_UNINITIALIZED_AUTOS = YES_AGGRESSIVE;
				GCC_WARN_UNUSED_FUNCTION = YES;
				GCC_WARN_UNUSED_VARIABLE = YES;
				IPHONEOS_DEPLOYMENT_TARGET = 11.0;
				MTL_ENABLE_DEBUG_INFO = YES;
				ONLY_ACTIVE_ARCH = YES;
				SDKROOT = iphoneos;
				SWIFT_ACTIVE_COMPILATION_CONDITIONS = DEBUG;
				SWIFT_OPTIMIZATION_LEVEL = "-Onone";
			};
			name = Debug;
		};
		4D8301911F9A95E300C5C735 /* Release */ = {
			isa = XCBuildConfiguration;
			buildSettings = {
				ALWAYS_SEARCH_USER_PATHS = NO;
				CLANG_ANALYZER_NONNULL = YES;
				CLANG_ANALYZER_NUMBER_OBJECT_CONVERSION = YES_AGGRESSIVE;
				CLANG_CXX_LANGUAGE_STANDARD = "gnu++14";
				CLANG_CXX_LIBRARY = "libc++";
				CLANG_ENABLE_MODULES = YES;
				CLANG_ENABLE_OBJC_ARC = YES;
				CLANG_WARN_BLOCK_CAPTURE_AUTORELEASING = YES;
				CLANG_WARN_BOOL_CONVERSION = YES;
				CLANG_WARN_COMMA = YES;
				CLANG_WARN_CONSTANT_CONVERSION = YES;
				CLANG_WARN_DIRECT_OBJC_ISA_USAGE = YES_ERROR;
				CLANG_WARN_DOCUMENTATION_COMMENTS = YES;
				CLANG_WARN_EMPTY_BODY = YES;
				CLANG_WARN_ENUM_CONVERSION = YES;
				CLANG_WARN_INFINITE_RECURSION = YES;
				CLANG_WARN_INT_CONVERSION = YES;
				CLANG_WARN_NON_LITERAL_NULL_CONVERSION = YES;
				CLANG_WARN_OBJC_LITERAL_CONVERSION = YES;
				CLANG_WARN_OBJC_ROOT_CLASS = YES_ERROR;
				CLANG_WARN_RANGE_LOOP_ANALYSIS = YES;
				CLANG_WARN_STRICT_PROTOTYPES = YES;
				CLANG_WARN_SUSPICIOUS_MOVE = YES;
				CLANG_WARN_UNGUARDED_AVAILABILITY = YES_AGGRESSIVE;
				CLANG_WARN_UNREACHABLE_CODE = YES;
				CLANG_WARN__DUPLICATE_METHOD_MATCH = YES;
				CODE_SIGN_IDENTITY = "iPhone Developer";
				COPY_PHASE_STRIP = NO;
				DEBUG_INFORMATION_FORMAT = "dwarf-with-dsym";
				ENABLE_NS_ASSERTIONS = NO;
				ENABLE_STRICT_OBJC_MSGSEND = YES;
				GCC_C_LANGUAGE_STANDARD = gnu11;
				GCC_NO_COMMON_BLOCKS = YES;
				GCC_WARN_64_TO_32_BIT_CONVERSION = YES;
				GCC_WARN_ABOUT_RETURN_TYPE = YES_ERROR;
				GCC_WARN_UNDECLARED_SELECTOR = YES;
				GCC_WARN_UNINITIALIZED_AUTOS = YES_AGGRESSIVE;
				GCC_WARN_UNUSED_FUNCTION = YES;
				GCC_WARN_UNUSED_VARIABLE = YES;
				IPHONEOS_DEPLOYMENT_TARGET = 11.0;
				MTL_ENABLE_DEBUG_INFO = NO;
				SDKROOT = iphoneos;
				SWIFT_OPTIMIZATION_LEVEL = "-Owholemodule";
				VALIDATE_PRODUCT = YES;
			};
			name = Release;
		};
		4D8301931F9A95E300C5C735 /* Debug */ = {
			isa = XCBuildConfiguration;
			buildSettings = {
				ASSETCATALOG_COMPILER_APPICON_NAME = AppIcon;
				CODE_SIGN_STYLE = Automatic;
				INFOPLIST_FILE = Colors/Info.plist;
				LD_RUNPATH_SEARCH_PATHS = "$(inherited) @executable_path/Frameworks";
				PRODUCT_BUNDLE_IDENTIFIER = lkyq9.com.Colors;
				PRODUCT_NAME = "$(TARGET_NAME)";
				SWIFT_VERSION = 4.0;
				TARGETED_DEVICE_FAMILY = "1,2";
			};
			name = Debug;
		};
		4D8301941F9A95E300C5C735 /* Release */ = {
			isa = XCBuildConfiguration;
			buildSettings = {
				ASSETCATALOG_COMPILER_APPICON_NAME = AppIcon;
				CODE_SIGN_STYLE = Automatic;
				INFOPLIST_FILE = Colors/Info.plist;
				LD_RUNPATH_SEARCH_PATHS = "$(inherited) @executable_path/Frameworks";
				PRODUCT_BUNDLE_IDENTIFIER = lkyq9.com.Colors;
				PRODUCT_NAME = "$(TARGET_NAME)";
				SWIFT_VERSION = 4.0;
				TARGETED_DEVICE_FAMILY = "1,2";
			};
			name = Release;
		};
		4D8301961F9A95E300C5C735 /* Debug */ = {
			isa = XCBuildConfiguration;
			buildSettings = {
				ALWAYS_EMBED_SWIFT_STANDARD_LIBRARIES = YES;
				BUNDLE_LOADER = "$(TEST_HOST)";
				CODE_SIGN_STYLE = Automatic;
				INFOPLIST_FILE = ColorsTests/Info.plist;
				LD_RUNPATH_SEARCH_PATHS = "$(inherited) @executable_path/Frameworks @loader_path/Frameworks";
				PRODUCT_BUNDLE_IDENTIFIER = lkyq9.com.ColorsTests;
				PRODUCT_NAME = "$(TARGET_NAME)";
				SWIFT_VERSION = 4.0;
				TARGETED_DEVICE_FAMILY = "1,2";
				TEST_HOST = "$(BUILT_PRODUCTS_DIR)/Colors.app/Colors";
			};
			name = Debug;
		};
		4D8301971F9A95E300C5C735 /* Release */ = {
			isa = XCBuildConfiguration;
			buildSettings = {
				ALWAYS_EMBED_SWIFT_STANDARD_LIBRARIES = YES;
				BUNDLE_LOADER = "$(TEST_HOST)";
				CODE_SIGN_STYLE = Automatic;
				INFOPLIST_FILE = ColorsTests/Info.plist;
				LD_RUNPATH_SEARCH_PATHS = "$(inherited) @executable_path/Frameworks @loader_path/Frameworks";
				PRODUCT_BUNDLE_IDENTIFIER = lkyq9.com.ColorsTests;
				PRODUCT_NAME = "$(TARGET_NAME)";
				SWIFT_VERSION = 4.0;
				TARGETED_DEVICE_FAMILY = "1,2";
				TEST_HOST = "$(BUILT_PRODUCTS_DIR)/Colors.app/Colors";
			};
			name = Release;
		};
		4D8301991F9A95E300C5C735 /* Debug */ = {
			isa = XCBuildConfiguration;
			buildSettings = {
				ALWAYS_EMBED_SWIFT_STANDARD_LIBRARIES = YES;
				CODE_SIGN_STYLE = Automatic;
				INFOPLIST_FILE = ColorsUITests/Info.plist;
				LD_RUNPATH_SEARCH_PATHS = "$(inherited) @executable_path/Frameworks @loader_path/Frameworks";
				PRODUCT_BUNDLE_IDENTIFIER = lkyq9.com.ColorsUITests;
				PRODUCT_NAME = "$(TARGET_NAME)";
				SWIFT_VERSION = 4.0;
				TARGETED_DEVICE_FAMILY = "1,2";
				TEST_TARGET_NAME = Colors;
			};
			name = Debug;
		};
		4D83019A1F9A95E300C5C735 /* Release */ = {
			isa = XCBuildConfiguration;
			buildSettings = {
				ALWAYS_EMBED_SWIFT_STANDARD_LIBRARIES = YES;
				CODE_SIGN_STYLE = Automatic;
				INFOPLIST_FILE = ColorsUITests/Info.plist;
				LD_RUNPATH_SEARCH_PATHS = "$(inherited) @executable_path/Frameworks @loader_path/Frameworks";
				PRODUCT_BUNDLE_IDENTIFIER = lkyq9.com.ColorsUITests;
				PRODUCT_NAME = "$(TARGET_NAME)";
				SWIFT_VERSION = 4.0;
				TARGETED_DEVICE_FAMILY = "1,2";
				TEST_TARGET_NAME = Colors;
			};
			name = Release;
		};
/* End XCBuildConfiguration section */

/* Begin XCConfigurationList section */
		4D8301651F9A95E300C5C735 /* Build configuration list for PBXProject "Colors" */ = {
			isa = XCConfigurationList;
			buildConfigurations = (
				4D8301901F9A95E300C5C735 /* Debug */,
				4D8301911F9A95E300C5C735 /* Release */,
			);
			defaultConfigurationIsVisible = 0;
			defaultConfigurationName = Release;
		};
		4D8301921F9A95E300C5C735 /* Build configuration list for PBXNativeTarget "Colors" */ = {
			isa = XCConfigurationList;
			buildConfigurations = (
				4D8301931F9A95E300C5C735 /* Debug */,
				4D8301941F9A95E300C5C735 /* Release */,
			);
			defaultConfigurationIsVisible = 0;
			defaultConfigurationName = Release;
		};
		4D8301951F9A95E300C5C735 /* Build configuration list for PBXNativeTarget "ColorsTests" */ = {
			isa = XCConfigurationList;
			buildConfigurations = (
				4D8301961F9A95E300C5C735 /* Debug */,
				4D8301971F9A95E300C5C735 /* Release */,
			);
			defaultConfigurationIsVisible = 0;
			defaultConfigurationName = Release;
		};
		4D8301981F9A95E300C5C735 /* Build configuration list for PBXNativeTarget "ColorsUITests" */ = {
			isa = XCConfigurationList;
			buildConfigurations = (
				4D8301991F9A95E300C5C735 /* Debug */,
				4D83019A1F9A95E300C5C735 /* Release */,
			);
			defaultConfigurationIsVisible = 0;
			defaultConfigurationName = Release;
		};
/* End XCConfigurationList section */
	};
	rootObject = 4D8301621F9A95E300C5C735 /* Project object */;
}
